# THIS IS AN AUTOGENERATED FILE. DO NOT EDIT THIS FILE DIRECTLY.
# yarn lockfile v1


"codemirror@^5.62.2":
  "integrity" "sha512-tVFMUa4J3Q8JUd1KL9yQzQB0/BJt7ZYZujZmTPgo/54Lpuq3ez4C8x/ATUY/wv7b7X3AUq8o3Xd+2C5ZrCGWHw=="
  "resolved" "https://registry.npmjs.org/codemirror/-/codemirror-5.62.2.tgz"
  "version" "5.62.2"
